
Microsoft Visual Studio Solution File, Format Version 12.00
# Visual Studio Version 16
VisualStudioVersion = 16.0.30002.166
MinimumVisualStudioVersion = 10.0.40219.1
Project("{FAE04EC0-301F-11D3-BF4B-00C04F79EFBC}") = "GithubExample", "GithubExample\GithubExample.csproj", "{D4F9C003-2480-4151-84A0-C0A379A9CE71}"
EndProject
Global
	GlobalSection(SolutionConfigurationPlatforms) = preSolution
		Debug|Any CPU = Debug|Any CPU
		Release|Any CPU = Release|Any CPU
	EndGlobalSection
	GlobalSection(ProjectConfigurationPlatforms) = postSolution
		{D4F9C003-2480-4151-84A0-C0A379A9CE71}.Debug|Any CPU.ActiveCfg = Debug|Any CPU
		{D4F9C003-2480-4151-84A0-C0A379A9CE71}.Debug|Any CPU.Build.0 = Debug|Any CPU
		{D4F9C003-2480-4151-84A0-C0A379A9CE71}.Release|Any CPU.ActiveCfg = Release|Any CPU
		{D4F9C003-2480-4151-84A0-C0A379A9CE71}.Release|Any CPU.Build.0 = Release|Any CPU
	EndGlobalSection
	GlobalSection(SolutionProperties) = preSolution
		HideSolutionNode = FALSE
	EndGlobalSection
	GlobalSection(ExtensibilityGlobals) = postSolution
		SolutionGuid = {37C766CB-27B8-4F38-ABA3-0E9190DBC811}
	EndGlobalSection
EndGlobal
